
Microsoft Visual Studio Solution File, Format Version 12.00
# Visual Studio Version 17
VisualStudioVersion = 17.13.35806.99 d17.13
MinimumVisualStudioVersion = 10.0.40219.1
Project("{FAE04EC0-301F-11D3-BF4B-00C04F79EFBC}") = "Rosemary Insuarance", "Rosemary Insuarance\Rosemary Insuarance.csproj", "{845945B0-FB40-4152-A102-026B848D74ED}"
EndProject
Global
	GlobalSection(SolutionConfigurationPlatforms) = preSolution
		Debug|Any CPU = Debug|Any CPU
		Release|Any CPU = Release|Any CPU
	EndGlobalSection
	GlobalSection(ProjectConfigurationPlatforms) = postSolution
		{845945B0-FB40-4152-A102-026B848D74ED}.Debug|Any CPU.ActiveCfg = Debug|Any CPU
		{845945B0-FB40-4152-A102-026B848D74ED}.Debug|Any CPU.Build.0 = Debug|Any CPU
		{845945B0-FB40-4152-A102-026B848D74ED}.Release|Any CPU.ActiveCfg = Release|Any CPU
		{845945B0-FB40-4152-A102-026B848D74ED}.Release|Any CPU.Build.0 = Release|Any CPU
	EndGlobalSection
	GlobalSection(SolutionProperties) = preSolution
		HideSolutionNode = FALSE
	EndGlobalSection
	GlobalSection(ExtensibilityGlobals) = postSolution
		SolutionGuid = {826F3474-E14B-47F2-8B63-CB685FE63D20}
	EndGlobalSection
EndGlobal
